
Microsoft Visual Studio Solution File, Format Version 12.00
# Visual Studio Version 17
VisualStudioVersion = 17.11.35219.272
MinimumVisualStudioVersion = 10.0.40219.1
Project("{FAE04EC0-301F-11D3-BF4B-00C04F79EFBC}") = "02_Otomat_Makinesi", "02_Otomat_Makinesi\02_Otomat_Makinesi.csproj", "{ABDA2D9F-250A-45E2-B73C-6C2D27519B64}"
EndProject
Global
	GlobalSection(SolutionConfigurationPlatforms) = preSolution
		Debug|Any CPU = Debug|Any CPU
		Release|Any CPU = Release|Any CPU
	EndGlobalSection
	GlobalSection(ProjectConfigurationPlatforms) = postSolution
		{ABDA2D9F-250A-45E2-B73C-6C2D27519B64}.Debug|Any CPU.ActiveCfg = Debug|Any CPU
		{ABDA2D9F-250A-45E2-B73C-6C2D27519B64}.Debug|Any CPU.Build.0 = Debug|Any CPU
		{ABDA2D9F-250A-45E2-B73C-6C2D27519B64}.Release|Any CPU.ActiveCfg = Release|Any CPU
		{ABDA2D9F-250A-45E2-B73C-6C2D27519B64}.Release|Any CPU.Build.0 = Release|Any CPU
	EndGlobalSection
	GlobalSection(SolutionProperties) = preSolution
		HideSolutionNode = FALSE
	EndGlobalSection
	GlobalSection(ExtensibilityGlobals) = postSolution
		SolutionGuid = {3F61B2B9-A53E-42F6-823A-3DCDEBC14B81}
	EndGlobalSection
EndGlobal
